
Microsoft Visual Studio Solution File, Format Version 12.00
# Visual Studio 14
VisualStudioVersion = 14.0.25123.0
MinimumVisualStudioVersion = 10.0.40219.1
Project("{6FE3427D-C3FB-4156-812D-D23AD1B565B3}") = "Sitecore.Support.105351", "Sitecore.Support.105351\Sitecore.Support.105351.csproj", "{468578D0-F909-4313-BA99-39EA92ED0B10}"
EndProject
Global
	GlobalSection(SolutionConfigurationPlatforms) = preSolution
		Debug|Any CPU = Debug|Any CPU
		Release|Any CPU = Release|Any CPU
	EndGlobalSection
	GlobalSection(ProjectConfigurationPlatforms) = postSolution
		{468578D0-F909-4313-BA99-39EA92ED0B10}.Debug|Any CPU.ActiveCfg = Debug|Any CPU
		{468578D0-F909-4313-BA99-39EA92ED0B10}.Debug|Any CPU.Build.0 = Debug|Any CPU
		{468578D0-F909-4313-BA99-39EA92ED0B10}.Release|Any CPU.ActiveCfg = Release|Any CPU
		{468578D0-F909-4313-BA99-39EA92ED0B10}.Release|Any CPU.Build.0 = Release|Any CPU
	EndGlobalSection
	GlobalSection(SolutionProperties) = preSolution
		HideSolutionNode = FALSE
	EndGlobalSection
EndGlobal
